
Microsoft Visual Studio Solution File, Format Version 12.00
# Visual Studio Version 17
VisualStudioVersion = 17.5.33414.496
MinimumVisualStudioVersion = 10.0.40219.1
Project("{FAE04EC0-301F-11D3-BF4B-00C04F79EFBC}") = "ClassLibrary1", "ClassLibrary1\ClassLibrary1.csproj", "{EA32A817-34E5-46D1-ABED-2DFB4E84E45B}"
EndProject
Project("{00D1A9C2-B5F0-4AF3-8072-F6C62B433612}") = "YaoBlogDB", "YaoBlogDB\YaoBlogDB.sqlproj", "{5B41E476-CD32-46E5-AD05-8237850286AB}"
EndProject
Project("{FAE04EC0-301F-11D3-BF4B-00C04F79EFBC}") = "BlogTestUI", "BlogTestUI\BlogTestUI.csproj", "{3CE618B0-3D68-4701-9319-5D3384F7C602}"
EndProject
Global
	GlobalSection(SolutionConfigurationPlatforms) = preSolution
		Debug|Any CPU = Debug|Any CPU
		Release|Any CPU = Release|Any CPU
	EndGlobalSection
	GlobalSection(ProjectConfigurationPlatforms) = postSolution
		{EA32A817-34E5-46D1-ABED-2DFB4E84E45B}.Debug|Any CPU.ActiveCfg = Debug|Any CPU
		{EA32A817-34E5-46D1-ABED-2DFB4E84E45B}.Debug|Any CPU.Build.0 = Debug|Any CPU
		{EA32A817-34E5-46D1-ABED-2DFB4E84E45B}.Release|Any CPU.ActiveCfg = Release|Any CPU
		{EA32A817-34E5-46D1-ABED-2DFB4E84E45B}.Release|Any CPU.Build.0 = Release|Any CPU
		{5B41E476-CD32-46E5-AD05-8237850286AB}.Debug|Any CPU.ActiveCfg = Debug|Any CPU
		{5B41E476-CD32-46E5-AD05-8237850286AB}.Debug|Any CPU.Build.0 = Debug|Any CPU
		{5B41E476-CD32-46E5-AD05-8237850286AB}.Debug|Any CPU.Deploy.0 = Debug|Any CPU
		{5B41E476-CD32-46E5-AD05-8237850286AB}.Release|Any CPU.ActiveCfg = Release|Any CPU
		{5B41E476-CD32-46E5-AD05-8237850286AB}.Release|Any CPU.Build.0 = Release|Any CPU
		{5B41E476-CD32-46E5-AD05-8237850286AB}.Release|Any CPU.Deploy.0 = Release|Any CPU
		{3CE618B0-3D68-4701-9319-5D3384F7C602}.Debug|Any CPU.ActiveCfg = Debug|Any CPU
		{3CE618B0-3D68-4701-9319-5D3384F7C602}.Debug|Any CPU.Build.0 = Debug|Any CPU
		{3CE618B0-3D68-4701-9319-5D3384F7C602}.Release|Any CPU.ActiveCfg = Release|Any CPU
		{3CE618B0-3D68-4701-9319-5D3384F7C602}.Release|Any CPU.Build.0 = Release|Any CPU
	EndGlobalSection
	GlobalSection(SolutionProperties) = preSolution
		HideSolutionNode = FALSE
	EndGlobalSection
	GlobalSection(ExtensibilityGlobals) = postSolution
		SolutionGuid = {5B54CAF3-1C6C-4A17-9EAC-9DBE966F4134}
	EndGlobalSection
EndGlobal
